
Microsoft Visual Studio Solution File, Format Version 12.00
# Visual Studio Version 16
VisualStudioVersion = 16.0.29409.12
MinimumVisualStudioVersion = 10.0.40219.1
Project("{FAE04EC0-301F-11D3-BF4B-00C04F79EFBC}") = "MoviesOnLine", "MoviesOnLine\MoviesOnLine.csproj", "{80BDCD7F-0DD7-4476-B634-24B8E569A5BA}"
EndProject
Project("{FAE04EC0-301F-11D3-BF4B-00C04F79EFBC}") = "MovieOnLine.Data", "MovieOnLine.Data\MovieOnLine.Data.csproj", "{7A634746-E7E6-43F0-BD8E-FEFA0111217A}"
EndProject
Global
	GlobalSection(SolutionConfigurationPlatforms) = preSolution
		Debug|Any CPU = Debug|Any CPU
		Release|Any CPU = Release|Any CPU
	EndGlobalSection
	GlobalSection(ProjectConfigurationPlatforms) = postSolution
		{80BDCD7F-0DD7-4476-B634-24B8E569A5BA}.Debug|Any CPU.ActiveCfg = Debug|Any CPU
		{80BDCD7F-0DD7-4476-B634-24B8E569A5BA}.Debug|Any CPU.Build.0 = Debug|Any CPU
		{80BDCD7F-0DD7-4476-B634-24B8E569A5BA}.Release|Any CPU.ActiveCfg = Release|Any CPU
		{80BDCD7F-0DD7-4476-B634-24B8E569A5BA}.Release|Any CPU.Build.0 = Release|Any CPU
		{7A634746-E7E6-43F0-BD8E-FEFA0111217A}.Debug|Any CPU.ActiveCfg = Debug|Any CPU
		{7A634746-E7E6-43F0-BD8E-FEFA0111217A}.Debug|Any CPU.Build.0 = Debug|Any CPU
		{7A634746-E7E6-43F0-BD8E-FEFA0111217A}.Release|Any CPU.ActiveCfg = Release|Any CPU
		{7A634746-E7E6-43F0-BD8E-FEFA0111217A}.Release|Any CPU.Build.0 = Release|Any CPU
	EndGlobalSection
	GlobalSection(SolutionProperties) = preSolution
		HideSolutionNode = FALSE
	EndGlobalSection
	GlobalSection(ExtensibilityGlobals) = postSolution
		SolutionGuid = {0CB8B987-0D3A-4B47-9861-AE48E88A5B41}
	EndGlobalSection
EndGlobal
